
Microsoft Visual Studio Solution File, Format Version 12.00
Project("{FAE04EC0-301F-11D3-BF4B-00C04F79EFBC}") = "EnglishLearning.Utilities.Identity", "src\EnglishLearning.Utilities.Identity\EnglishLearning.Utilities.Identity.csproj", "{AEB22C6A-509C-4C0D-9257-645CFF5C17ED}"
EndProject
Project("{FAE04EC0-301F-11D3-BF4B-00C04F79EFBC}") = "EnglishLearning.Utilities.Identity.Abstractions", "src\EnglishLearning.Utilities.Identity.Abstractions\EnglishLearning.Utilities.Identity.Abstractions.csproj", "{BAC746E5-79DF-4AFE-8412-4CF630E15E42}"
EndProject
Global
	GlobalSection(SolutionConfigurationPlatforms) = preSolution
		Debug|Any CPU = Debug|Any CPU
		Release|Any CPU = Release|Any CPU
	EndGlobalSection
	GlobalSection(ProjectConfigurationPlatforms) = postSolution
		{AEB22C6A-509C-4C0D-9257-645CFF5C17ED}.Debug|Any CPU.ActiveCfg = Debug|Any CPU
		{AEB22C6A-509C-4C0D-9257-645CFF5C17ED}.Debug|Any CPU.Build.0 = Debug|Any CPU
		{AEB22C6A-509C-4C0D-9257-645CFF5C17ED}.Release|Any CPU.ActiveCfg = Release|Any CPU
		{AEB22C6A-509C-4C0D-9257-645CFF5C17ED}.Release|Any CPU.Build.0 = Release|Any CPU
		{BAC746E5-79DF-4AFE-8412-4CF630E15E42}.Debug|Any CPU.ActiveCfg = Debug|Any CPU
		{BAC746E5-79DF-4AFE-8412-4CF630E15E42}.Debug|Any CPU.Build.0 = Debug|Any CPU
		{BAC746E5-79DF-4AFE-8412-4CF630E15E42}.Release|Any CPU.ActiveCfg = Release|Any CPU
		{BAC746E5-79DF-4AFE-8412-4CF630E15E42}.Release|Any CPU.Build.0 = Release|Any CPU
	EndGlobalSection
EndGlobal
