
Microsoft Visual Studio Solution File, Format Version 12.00
# Visual Studio 15
VisualStudioVersion = 15.0.26124.0
MinimumVisualStudioVersion = 15.0.26124.0
Project("{FAE04EC0-301F-11D3-BF4B-00C04F79EFBC}") = "EnglishLearning.Utilities.Linq", "EnglishLearning.Utilities.Linq\EnglishLearning.Utilities.Linq.csproj", "{77382CB6-E0DE-4141-89C1-4E053B3EB74C}"
EndProject
Project("{FAE04EC0-301F-11D3-BF4B-00C04F79EFBC}") = "EnglishLearning.Utilities.Expressions", "EnglishLearning.Utilities.Expressions\EnglishLearning.Utilities.Expressions.csproj", "{068CD7AC-0F87-46F2-BB33-95A15FC335CD}"
EndProject
Project("{FAE04EC0-301F-11D3-BF4B-00C04F79EFBC}") = "EnglishLearning.Utilities.Enums", "EnglishLearning.Utilities.Enums\EnglishLearning.Utilities.Enums.csproj", "{14C4E273-FAA1-4830-B05F-E36CCFED0D44}"
EndProject
Project("{FAE04EC0-301F-11D3-BF4B-00C04F79EFBC}") = "EnglishLearning.Utilities.Persistence", "EnglishLearning.Utilities.Persistence\EnglishLearning.Utilities.Persistence.csproj", "{9B31F1BF-39B7-4A71-87DA-FE0FDB394858}"
EndProject
Project("{2150E333-8FDC-42A3-9474-1A3956D46DE8}") = "Persistence", "Persistence", "{2FD46DB6-95E4-467D-BAF5-F6DF40A150F4}"
EndProject
Project("{FAE04EC0-301F-11D3-BF4B-00C04F79EFBC}") = "EnglishLearning.Utilities.Persistence.Mongo", "EnglishLearning.Utilities.Persistence.Mongo\EnglishLearning.Utilities.Persistence.Mongo.csproj", "{161EAB3F-A15B-421B-A700-4D552BAE736C}"
EndProject
Project("{FAE04EC0-301F-11D3-BF4B-00C04F79EFBC}") = "EnglishLearning.Utilities.Configurations", "EnglishLearning.Utilities.Configurations\EnglishLearning.Utilities.Configurations.csproj", "{67239B4C-572C-43A5-A38B-A87661F7CDE5}"
EndProject
Project("{FAE04EC0-301F-11D3-BF4B-00C04F79EFBC}") = "EnglishLearning.Utilities.Persistence.Redis", "EnglishLearning.Utilities.Persistence.Redis\EnglishLearning.Utilities.Persistence.Redis.csproj", "{DE12E91F-9DA3-41A2-88FB-167021DFF2D5}"
EndProject
Project("{2150E333-8FDC-42A3-9474-1A3956D46DE8}") = "Identity", "Identity", "{7C0D5976-88C4-429E-A0E8-9F725BA9B577}"
EndProject
Project("{FAE04EC0-301F-11D3-BF4B-00C04F79EFBC}") = "EnglishLearning.Utilities.Identity.Abstractions", "EnglishLearning.Utilities.Identity.Abstractions\EnglishLearning.Utilities.Identity.Abstractions.csproj", "{33947B2D-5385-4A5D-99D4-A951B87F5E40}"
EndProject
Project("{FAE04EC0-301F-11D3-BF4B-00C04F79EFBC}") = "EnglishLearning.Utilities.Identity", "EnglishLearning.Utilities.Identity\EnglishLearning.Utilities.Identity.csproj", "{8AEC869D-31B7-4806-A8D5-8A5076D071CD}"
EndProject
Project("{FAE04EC0-301F-11D3-BF4B-00C04F79EFBC}") = "EnglishLearning.Utilities.General", "EnglishLearning.Utilities.General\EnglishLearning.Utilities.General.csproj", "{FCC456AB-46C4-446F-A78E-3787D90C19D1}"
EndProject
Project("{2150E333-8FDC-42A3-9474-1A3956D46DE8}") = "MessageBrokers", "MessageBrokers", "{1F69B2E7-4F23-4C33-B095-295283434F49}"
EndProject
Project("{FAE04EC0-301F-11D3-BF4B-00C04F79EFBC}") = "EnglishLearning.Utilities.MessageBrokers.Kafka", "EnglishLearning.Utilities.MessageBrokers.Kafka\EnglishLearning.Utilities.MessageBrokers.Kafka.csproj", "{EEA958EA-B3FF-4211-8E47-CDC4A8E0EF7A}"
EndProject
Global
	GlobalSection(SolutionConfigurationPlatforms) = preSolution
		Debug|Any CPU = Debug|Any CPU
		Debug|x64 = Debug|x64
		Debug|x86 = Debug|x86
		Release|Any CPU = Release|Any CPU
		Release|x64 = Release|x64
		Release|x86 = Release|x86
	EndGlobalSection
	GlobalSection(SolutionProperties) = preSolution
		HideSolutionNode = FALSE
	EndGlobalSection
	GlobalSection(ProjectConfigurationPlatforms) = postSolution
		{77382CB6-E0DE-4141-89C1-4E053B3EB74C}.Debug|Any CPU.ActiveCfg = Debug|Any CPU
		{77382CB6-E0DE-4141-89C1-4E053B3EB74C}.Debug|Any CPU.Build.0 = Debug|Any CPU
		{77382CB6-E0DE-4141-89C1-4E053B3EB74C}.Debug|x64.ActiveCfg = Debug|Any CPU
		{77382CB6-E0DE-4141-89C1-4E053B3EB74C}.Debug|x64.Build.0 = Debug|Any CPU
		{77382CB6-E0DE-4141-89C1-4E053B3EB74C}.Debug|x86.ActiveCfg = Debug|Any CPU
		{77382CB6-E0DE-4141-89C1-4E053B3EB74C}.Debug|x86.Build.0 = Debug|Any CPU
		{77382CB6-E0DE-4141-89C1-4E053B3EB74C}.Release|Any CPU.ActiveCfg = Release|Any CPU
		{77382CB6-E0DE-4141-89C1-4E053B3EB74C}.Release|Any CPU.Build.0 = Release|Any CPU
		{77382CB6-E0DE-4141-89C1-4E053B3EB74C}.Release|x64.ActiveCfg = Release|Any CPU
		{77382CB6-E0DE-4141-89C1-4E053B3EB74C}.Release|x64.Build.0 = Release|Any CPU
		{77382CB6-E0DE-4141-89C1-4E053B3EB74C}.Release|x86.ActiveCfg = Release|Any CPU
		{77382CB6-E0DE-4141-89C1-4E053B3EB74C}.Release|x86.Build.0 = Release|Any CPU
		{068CD7AC-0F87-46F2-BB33-95A15FC335CD}.Debug|Any CPU.ActiveCfg = Debug|Any CPU
		{068CD7AC-0F87-46F2-BB33-95A15FC335CD}.Debug|Any CPU.Build.0 = Debug|Any CPU
		{068CD7AC-0F87-46F2-BB33-95A15FC335CD}.Debug|x64.ActiveCfg = Debug|Any CPU
		{068CD7AC-0F87-46F2-BB33-95A15FC335CD}.Debug|x64.Build.0 = Debug|Any CPU
		{068CD7AC-0F87-46F2-BB33-95A15FC335CD}.Debug|x86.ActiveCfg = Debug|Any CPU
		{068CD7AC-0F87-46F2-BB33-95A15FC335CD}.Debug|x86.Build.0 = Debug|Any CPU
		{068CD7AC-0F87-46F2-BB33-95A15FC335CD}.Release|Any CPU.ActiveCfg = Release|Any CPU
		{068CD7AC-0F87-46F2-BB33-95A15FC335CD}.Release|Any CPU.Build.0 = Release|Any CPU
		{068CD7AC-0F87-46F2-BB33-95A15FC335CD}.Release|x64.ActiveCfg = Release|Any CPU
		{068CD7AC-0F87-46F2-BB33-95A15FC335CD}.Release|x64.Build.0 = Release|Any CPU
		{068CD7AC-0F87-46F2-BB33-95A15FC335CD}.Release|x86.ActiveCfg = Release|Any CPU
		{068CD7AC-0F87-46F2-BB33-95A15FC335CD}.Release|x86.Build.0 = Release|Any CPU
		{14C4E273-FAA1-4830-B05F-E36CCFED0D44}.Debug|Any CPU.ActiveCfg = Debug|Any CPU
		{14C4E273-FAA1-4830-B05F-E36CCFED0D44}.Debug|Any CPU.Build.0 = Debug|Any CPU
		{14C4E273-FAA1-4830-B05F-E36CCFED0D44}.Debug|x64.ActiveCfg = Debug|Any CPU
		{14C4E273-FAA1-4830-B05F-E36CCFED0D44}.Debug|x64.Build.0 = Debug|Any CPU
		{14C4E273-FAA1-4830-B05F-E36CCFED0D44}.Debug|x86.ActiveCfg = Debug|Any CPU
		{14C4E273-FAA1-4830-B05F-E36CCFED0D44}.Debug|x86.Build.0 = Debug|Any CPU
		{14C4E273-FAA1-4830-B05F-E36CCFED0D44}.Release|Any CPU.ActiveCfg = Release|Any CPU
		{14C4E273-FAA1-4830-B05F-E36CCFED0D44}.Release|Any CPU.Build.0 = Release|Any CPU
		{14C4E273-FAA1-4830-B05F-E36CCFED0D44}.Release|x64.ActiveCfg = Release|Any CPU
		{14C4E273-FAA1-4830-B05F-E36CCFED0D44}.Release|x64.Build.0 = Release|Any CPU
		{14C4E273-FAA1-4830-B05F-E36CCFED0D44}.Release|x86.ActiveCfg = Release|Any CPU
		{14C4E273-FAA1-4830-B05F-E36CCFED0D44}.Release|x86.Build.0 = Release|Any CPU
		{9B31F1BF-39B7-4A71-87DA-FE0FDB394858}.Debug|Any CPU.ActiveCfg = Debug|Any CPU
		{9B31F1BF-39B7-4A71-87DA-FE0FDB394858}.Debug|Any CPU.Build.0 = Debug|Any CPU
		{9B31F1BF-39B7-4A71-87DA-FE0FDB394858}.Debug|x64.ActiveCfg = Debug|Any CPU
		{9B31F1BF-39B7-4A71-87DA-FE0FDB394858}.Debug|x64.Build.0 = Debug|Any CPU
		{9B31F1BF-39B7-4A71-87DA-FE0FDB394858}.Debug|x86.ActiveCfg = Debug|Any CPU
		{9B31F1BF-39B7-4A71-87DA-FE0FDB394858}.Debug|x86.Build.0 = Debug|Any CPU
		{9B31F1BF-39B7-4A71-87DA-FE0FDB394858}.Release|Any CPU.ActiveCfg = Release|Any CPU
		{9B31F1BF-39B7-4A71-87DA-FE0FDB394858}.Release|Any CPU.Build.0 = Release|Any CPU
		{9B31F1BF-39B7-4A71-87DA-FE0FDB394858}.Release|x64.ActiveCfg = Release|Any CPU
		{9B31F1BF-39B7-4A71-87DA-FE0FDB394858}.Release|x64.Build.0 = Release|Any CPU
		{9B31F1BF-39B7-4A71-87DA-FE0FDB394858}.Release|x86.ActiveCfg = Release|Any CPU
		{9B31F1BF-39B7-4A71-87DA-FE0FDB394858}.Release|x86.Build.0 = Release|Any CPU
		{161EAB3F-A15B-421B-A700-4D552BAE736C}.Debug|Any CPU.ActiveCfg = Debug|Any CPU
		{161EAB3F-A15B-421B-A700-4D552BAE736C}.Debug|Any CPU.Build.0 = Debug|Any CPU
		{161EAB3F-A15B-421B-A700-4D552BAE736C}.Debug|x64.ActiveCfg = Debug|Any CPU
		{161EAB3F-A15B-421B-A700-4D552BAE736C}.Debug|x64.Build.0 = Debug|Any CPU
		{161EAB3F-A15B-421B-A700-4D552BAE736C}.Debug|x86.ActiveCfg = Debug|Any CPU
		{161EAB3F-A15B-421B-A700-4D552BAE736C}.Debug|x86.Build.0 = Debug|Any CPU
		{161EAB3F-A15B-421B-A700-4D552BAE736C}.Release|Any CPU.ActiveCfg = Release|Any CPU
		{161EAB3F-A15B-421B-A700-4D552BAE736C}.Release|Any CPU.Build.0 = Release|Any CPU
		{161EAB3F-A15B-421B-A700-4D552BAE736C}.Release|x64.ActiveCfg = Release|Any CPU
		{161EAB3F-A15B-421B-A700-4D552BAE736C}.Release|x64.Build.0 = Release|Any CPU
		{161EAB3F-A15B-421B-A700-4D552BAE736C}.Release|x86.ActiveCfg = Release|Any CPU
		{161EAB3F-A15B-421B-A700-4D552BAE736C}.Release|x86.Build.0 = Release|Any CPU
		{67239B4C-572C-43A5-A38B-A87661F7CDE5}.Debug|Any CPU.ActiveCfg = Debug|Any CPU
		{67239B4C-572C-43A5-A38B-A87661F7CDE5}.Debug|Any CPU.Build.0 = Debug|Any CPU
		{67239B4C-572C-43A5-A38B-A87661F7CDE5}.Debug|x64.ActiveCfg = Debug|Any CPU
		{67239B4C-572C-43A5-A38B-A87661F7CDE5}.Debug|x64.Build.0 = Debug|Any CPU
		{67239B4C-572C-43A5-A38B-A87661F7CDE5}.Debug|x86.ActiveCfg = Debug|Any CPU
		{67239B4C-572C-43A5-A38B-A87661F7CDE5}.Debug|x86.Build.0 = Debug|Any CPU
		{67239B4C-572C-43A5-A38B-A87661F7CDE5}.Release|Any CPU.ActiveCfg = Release|Any CPU
		{67239B4C-572C-43A5-A38B-A87661F7CDE5}.Release|Any CPU.Build.0 = Release|Any CPU
		{67239B4C-572C-43A5-A38B-A87661F7CDE5}.Release|x64.ActiveCfg = Release|Any CPU
		{67239B4C-572C-43A5-A38B-A87661F7CDE5}.Release|x64.Build.0 = Release|Any CPU
		{67239B4C-572C-43A5-A38B-A87661F7CDE5}.Release|x86.ActiveCfg = Release|Any CPU
		{67239B4C-572C-43A5-A38B-A87661F7CDE5}.Release|x86.Build.0 = Release|Any CPU
		{DE12E91F-9DA3-41A2-88FB-167021DFF2D5}.Debug|Any CPU.ActiveCfg = Debug|Any CPU
		{DE12E91F-9DA3-41A2-88FB-167021DFF2D5}.Debug|Any CPU.Build.0 = Debug|Any CPU
		{DE12E91F-9DA3-41A2-88FB-167021DFF2D5}.Debug|x64.ActiveCfg = Debug|Any CPU
		{DE12E91F-9DA3-41A2-88FB-167021DFF2D5}.Debug|x64.Build.0 = Debug|Any CPU
		{DE12E91F-9DA3-41A2-88FB-167021DFF2D5}.Debug|x86.ActiveCfg = Debug|Any CPU
		{DE12E91F-9DA3-41A2-88FB-167021DFF2D5}.Debug|x86.Build.0 = Debug|Any CPU
		{DE12E91F-9DA3-41A2-88FB-167021DFF2D5}.Release|Any CPU.ActiveCfg = Release|Any CPU
		{DE12E91F-9DA3-41A2-88FB-167021DFF2D5}.Release|Any CPU.Build.0 = Release|Any CPU
		{DE12E91F-9DA3-41A2-88FB-167021DFF2D5}.Release|x64.ActiveCfg = Release|Any CPU
		{DE12E91F-9DA3-41A2-88FB-167021DFF2D5}.Release|x64.Build.0 = Release|Any CPU
		{DE12E91F-9DA3-41A2-88FB-167021DFF2D5}.Release|x86.ActiveCfg = Release|Any CPU
		{DE12E91F-9DA3-41A2-88FB-167021DFF2D5}.Release|x86.Build.0 = Release|Any CPU
		{33947B2D-5385-4A5D-99D4-A951B87F5E40}.Debug|Any CPU.ActiveCfg = Debug|Any CPU
		{33947B2D-5385-4A5D-99D4-A951B87F5E40}.Debug|Any CPU.Build.0 = Debug|Any CPU
		{33947B2D-5385-4A5D-99D4-A951B87F5E40}.Debug|x64.ActiveCfg = Debug|Any CPU
		{33947B2D-5385-4A5D-99D4-A951B87F5E40}.Debug|x64.Build.0 = Debug|Any CPU
		{33947B2D-5385-4A5D-99D4-A951B87F5E40}.Debug|x86.ActiveCfg = Debug|Any CPU
		{33947B2D-5385-4A5D-99D4-A951B87F5E40}.Debug|x86.Build.0 = Debug|Any CPU
		{33947B2D-5385-4A5D-99D4-A951B87F5E40}.Release|Any CPU.ActiveCfg = Release|Any CPU
		{33947B2D-5385-4A5D-99D4-A951B87F5E40}.Release|Any CPU.Build.0 = Release|Any CPU
		{33947B2D-5385-4A5D-99D4-A951B87F5E40}.Release|x64.ActiveCfg = Release|Any CPU
		{33947B2D-5385-4A5D-99D4-A951B87F5E40}.Release|x64.Build.0 = Release|Any CPU
		{33947B2D-5385-4A5D-99D4-A951B87F5E40}.Release|x86.ActiveCfg = Release|Any CPU
		{33947B2D-5385-4A5D-99D4-A951B87F5E40}.Release|x86.Build.0 = Release|Any CPU
		{8AEC869D-31B7-4806-A8D5-8A5076D071CD}.Debug|Any CPU.ActiveCfg = Debug|Any CPU
		{8AEC869D-31B7-4806-A8D5-8A5076D071CD}.Debug|Any CPU.Build.0 = Debug|Any CPU
		{8AEC869D-31B7-4806-A8D5-8A5076D071CD}.Debug|x64.ActiveCfg = Debug|Any CPU
		{8AEC869D-31B7-4806-A8D5-8A5076D071CD}.Debug|x64.Build.0 = Debug|Any CPU
		{8AEC869D-31B7-4806-A8D5-8A5076D071CD}.Debug|x86.ActiveCfg = Debug|Any CPU
		{8AEC869D-31B7-4806-A8D5-8A5076D071CD}.Debug|x86.Build.0 = Debug|Any CPU
		{8AEC869D-31B7-4806-A8D5-8A5076D071CD}.Release|Any CPU.ActiveCfg = Release|Any CPU
		{8AEC869D-31B7-4806-A8D5-8A5076D071CD}.Release|Any CPU.Build.0 = Release|Any CPU
		{8AEC869D-31B7-4806-A8D5-8A5076D071CD}.Release|x64.ActiveCfg = Release|Any CPU
		{8AEC869D-31B7-4806-A8D5-8A5076D071CD}.Release|x64.Build.0 = Release|Any CPU
		{8AEC869D-31B7-4806-A8D5-8A5076D071CD}.Release|x86.ActiveCfg = Release|Any CPU
		{8AEC869D-31B7-4806-A8D5-8A5076D071CD}.Release|x86.Build.0 = Release|Any CPU
		{FCC456AB-46C4-446F-A78E-3787D90C19D1}.Debug|Any CPU.ActiveCfg = Debug|Any CPU
		{FCC456AB-46C4-446F-A78E-3787D90C19D1}.Debug|Any CPU.Build.0 = Debug|Any CPU
		{FCC456AB-46C4-446F-A78E-3787D90C19D1}.Debug|x64.ActiveCfg = Debug|Any CPU
		{FCC456AB-46C4-446F-A78E-3787D90C19D1}.Debug|x64.Build.0 = Debug|Any CPU
		{FCC456AB-46C4-446F-A78E-3787D90C19D1}.Debug|x86.ActiveCfg = Debug|Any CPU
		{FCC456AB-46C4-446F-A78E-3787D90C19D1}.Debug|x86.Build.0 = Debug|Any CPU
		{FCC456AB-46C4-446F-A78E-3787D90C19D1}.Release|Any CPU.ActiveCfg = Release|Any CPU
		{FCC456AB-46C4-446F-A78E-3787D90C19D1}.Release|Any CPU.Build.0 = Release|Any CPU
		{FCC456AB-46C4-446F-A78E-3787D90C19D1}.Release|x64.ActiveCfg = Release|Any CPU
		{FCC456AB-46C4-446F-A78E-3787D90C19D1}.Release|x64.Build.0 = Release|Any CPU
		{FCC456AB-46C4-446F-A78E-3787D90C19D1}.Release|x86.ActiveCfg = Release|Any CPU
		{FCC456AB-46C4-446F-A78E-3787D90C19D1}.Release|x86.Build.0 = Release|Any CPU
		{EEA958EA-B3FF-4211-8E47-CDC4A8E0EF7A}.Debug|Any CPU.ActiveCfg = Debug|Any CPU
		{EEA958EA-B3FF-4211-8E47-CDC4A8E0EF7A}.Debug|Any CPU.Build.0 = Debug|Any CPU
		{EEA958EA-B3FF-4211-8E47-CDC4A8E0EF7A}.Debug|x64.ActiveCfg = Debug|Any CPU
		{EEA958EA-B3FF-4211-8E47-CDC4A8E0EF7A}.Debug|x64.Build.0 = Debug|Any CPU
		{EEA958EA-B3FF-4211-8E47-CDC4A8E0EF7A}.Debug|x86.ActiveCfg = Debug|Any CPU
		{EEA958EA-B3FF-4211-8E47-CDC4A8E0EF7A}.Debug|x86.Build.0 = Debug|Any CPU
		{EEA958EA-B3FF-4211-8E47-CDC4A8E0EF7A}.Release|Any CPU.ActiveCfg = Release|Any CPU
		{EEA958EA-B3FF-4211-8E47-CDC4A8E0EF7A}.Release|Any CPU.Build.0 = Release|Any CPU
		{EEA958EA-B3FF-4211-8E47-CDC4A8E0EF7A}.Release|x64.ActiveCfg = Release|Any CPU
		{EEA958EA-B3FF-4211-8E47-CDC4A8E0EF7A}.Release|x64.Build.0 = Release|Any CPU
		{EEA958EA-B3FF-4211-8E47-CDC4A8E0EF7A}.Release|x86.ActiveCfg = Release|Any CPU
		{EEA958EA-B3FF-4211-8E47-CDC4A8E0EF7A}.Release|x86.Build.0 = Release|Any CPU
	EndGlobalSection
	GlobalSection(NestedProjects) = preSolution
		{9B31F1BF-39B7-4A71-87DA-FE0FDB394858} = {2FD46DB6-95E4-467D-BAF5-F6DF40A150F4}
		{161EAB3F-A15B-421B-A700-4D552BAE736C} = {2FD46DB6-95E4-467D-BAF5-F6DF40A150F4}
		{DE12E91F-9DA3-41A2-88FB-167021DFF2D5} = {2FD46DB6-95E4-467D-BAF5-F6DF40A150F4}
		{33947B2D-5385-4A5D-99D4-A951B87F5E40} = {7C0D5976-88C4-429E-A0E8-9F725BA9B577}
		{8AEC869D-31B7-4806-A8D5-8A5076D071CD} = {7C0D5976-88C4-429E-A0E8-9F725BA9B577}
		{EEA958EA-B3FF-4211-8E47-CDC4A8E0EF7A} = {1F69B2E7-4F23-4C33-B095-295283434F49}
	EndGlobalSection
EndGlobal
