
Microsoft Visual Studio Solution File, Format Version 12.00
Project("{FAE04EC0-301F-11D3-BF4B-00C04F79EFBC}") = "EnglishLearning.Utilities.Expressions", "src\EnglishLearning.Utilities.Expressions\EnglishLearning.Utilities.Expressions.csproj", "{96FC3021-F365-4FC9-BB1D-81796A6C42EF}"
EndProject
Global
	GlobalSection(SolutionConfigurationPlatforms) = preSolution
		Debug|Any CPU = Debug|Any CPU
		Release|Any CPU = Release|Any CPU
	EndGlobalSection
	GlobalSection(ProjectConfigurationPlatforms) = postSolution
		{96FC3021-F365-4FC9-BB1D-81796A6C42EF}.Debug|Any CPU.ActiveCfg = Debug|Any CPU
		{96FC3021-F365-4FC9-BB1D-81796A6C42EF}.Debug|Any CPU.Build.0 = Debug|Any CPU
		{96FC3021-F365-4FC9-BB1D-81796A6C42EF}.Release|Any CPU.ActiveCfg = Release|Any CPU
		{96FC3021-F365-4FC9-BB1D-81796A6C42EF}.Release|Any CPU.Build.0 = Release|Any CPU
	EndGlobalSection
EndGlobal
